<?xml version="1.0" encoding="utf-8"?>
<Project ToolsVersion="4.0" xmlns="http://schemas.microsoft.com/developer/msbuild/2003">
  <ItemGroup>
    <ClCompile Include="naze32serialcom.cpp" />
    <ClCompile Include="Serial.cpp" />
    <ClCompile Include="BufferedSerial.cpp" />
  </ItemGroup>
  <ItemGroup>
    <ClInclude Include="Serial.h" />
    <ClInclude Include="BufferedSerial.h" />
    <ClInclude Include="protocol.h" />
  </ItemGroup>
</Project>