<?xml version="1.0" encoding="utf-8"?>
<Project ToolsVersion="4.0" xmlns="http://schemas.microsoft.com/developer/msbuild/2003">
  <ItemGroup>
    <Filter Include="Source Files">
      <UniqueIdentifier>{4FC737F1-C7A5-4376-A066-2A32D752A2FF}</UniqueIdentifier>
      <Extensions>cpp;c;cc;cxx;def;odl;idl;hpj;bat;asm;asmx</Extensions>
    </Filter>
    <Filter Include="Header Files">
      <UniqueIdentifier>{93995380-89BD-4b04-88EB-625FBE52EBFB}</UniqueIdentifier>
      <Extensions>h;hh;hpp;hxx;hm;inl;inc;xsd</Extensions>
    </Filter>
    <Filter Include="Resource Files">
      <UniqueIdentifier>{67DA6AB6-F800-4c08-8B7A-83BB121AAD01}</UniqueIdentifier>
      <Extensions>rc;ico;cur;bmp;dlg;rc2;rct;bin;rgs;gif;jpg;jpeg;jpe;resx;tiff;tif;png;wav;mfcribbon-ms</Extensions>
    </Filter>
    <Filter Include="Dialog">
      <UniqueIdentifier>{0ad950fb-da84-472b-90f6-79986618f5c8}</UniqueIdentifier>
    </Filter>
    <Filter Include="UIComponent">
      <UniqueIdentifier>{a61e2694-33ce-4c2c-a31a-2ad2e4645b58}</UniqueIdentifier>
    </Filter>
    <Filter Include="Pane">
      <UniqueIdentifier>{b3487392-0974-4bab-aad1-1c4c2b0c7770}</UniqueIdentifier>
    </Filter>
  </ItemGroup>
  <ItemGroup>
    <Text Include="ReadMe.txt" />
  </ItemGroup>
  <ItemGroup>
    <ClInclude Include="CubeMonitor.h">
      <Filter>Header Files</Filter>
    </ClInclude>
    <ClInclude Include="stdafx.h">
      <Filter>Header Files</Filter>
    </ClInclude>
    <ClInclude Include="targetver.h">
      <Filter>Header Files</Filter>
    </ClInclude>
    <ClInclude Include="MainFrm.h">
      <Filter>Header Files</Filter>
    </ClInclude>
    <ClInclude Include="CubeMonitorDoc.h">
      <Filter>Header Files</Filter>
    </ClInclude>
    <ClInclude Include="Resource.h">
      <Filter>Header Files</Filter>
    </ClInclude>
    <ClInclude Include="FileView.h">
      <Filter>Pane</Filter>
    </ClInclude>
    <ClInclude Include="ViewTree.h">
      <Filter>Pane</Filter>
    </ClInclude>
    <ClInclude Include="OutputWnd.h">
      <Filter>Pane</Filter>
    </ClInclude>
    <ClInclude Include="PropertiesWnd.h">
      <Filter>Pane</Filter>
    </ClInclude>
    <ClInclude Include="ClassView.h">
      <Filter>Pane</Filter>
    </ClInclude>
    <ClInclude Include="ConnectionDialog.h">
      <Filter>Dialog</Filter>
    </ClInclude>
    <ClInclude Include="SerialGraphForm.h">
      <Filter>Header Files</Filter>
    </ClInclude>
    <ClInclude Include="..\Common\UIComponent\EnumDevices.h">
      <Filter>UIComponent</Filter>
    </ClInclude>
    <ClInclude Include="..\Common\UIComponent\PlotWindow.h">
      <Filter>UIComponent</Filter>
    </ClInclude>
    <ClInclude Include="..\Common\UIComponent\Serial.h">
      <Filter>UIComponent</Filter>
    </ClInclude>
    <ClInclude Include="..\Common\UIComponent\SerialCommunication.h">
      <Filter>UIComponent</Filter>
    </ClInclude>
    <ClInclude Include="..\Common\UIComponent\SerialObserver.h">
      <Filter>UIComponent</Filter>
    </ClInclude>
    <ClInclude Include="..\Common\UIComponent\UIComponent.h">
      <Filter>UIComponent</Filter>
    </ClInclude>
    <ClInclude Include="..\Common\UIComponent\UpdateObserver.h">
      <Filter>UIComponent</Filter>
    </ClInclude>
    <ClInclude Include="..\Common\UIComponent\BPCtrlAnchorMap.h">
      <Filter>UIComponent</Filter>
    </ClInclude>
    <ClInclude Include="..\Common\UIComponent\ComPortCombo.h">
      <Filter>UIComponent</Filter>
    </ClInclude>
    <ClInclude Include="..\Common\UIComponent\Controller.h">
      <Filter>UIComponent</Filter>
    </ClInclude>
    <ClInclude Include="..\Common\UIComponent\CubeFlight.h">
      <Filter>UIComponent</Filter>
    </ClInclude>
    <ClInclude Include="..\Common\UIComponent\DockablePaneBase.h">
      <Filter>UIComponent</Filter>
    </ClInclude>
    <ClInclude Include="..\Common\UIComponent\DockablePaneChildView.h">
      <Filter>UIComponent</Filter>
    </ClInclude>
    <ClInclude Include="CubeMonitorView.h">
      <Filter>Pane</Filter>
    </ClInclude>
    <ClInclude Include="..\Common\UIComponent\C3DView.h">
      <Filter>UIComponent</Filter>
    </ClInclude>
    <ClInclude Include="Cube3DPane.h">
      <Filter>Pane</Filter>
    </ClInclude>
    <ClInclude Include="SensorPane.h">
      <Filter>Pane</Filter>
    </ClInclude>
    <ClInclude Include="SensorView.h">
      <Filter>Pane</Filter>
    </ClInclude>
    <ClInclude Include="SerialEditorPane.h">
      <Filter>Pane</Filter>
    </ClInclude>
    <ClInclude Include="SerialEditorView.h">
      <Filter>Pane</Filter>
    </ClInclude>
    <ClInclude Include="CubeSerialView.h">
      <Filter>Header Files</Filter>
    </ClInclude>
    <ClInclude Include="..\Common\UIComponent\enumser.h">
      <Filter>UIComponent</Filter>
    </ClInclude>
    <ClInclude Include="..\Common\UIComponent\AutoHandle.h">
      <Filter>UIComponent</Filter>
    </ClInclude>
    <ClInclude Include="..\Common\UIComponent\AutoHeapAlloc.h">
      <Filter>UIComponent</Filter>
    </ClInclude>
    <ClInclude Include="..\Common\UIComponent\AutoHModule.h">
      <Filter>UIComponent</Filter>
    </ClInclude>
    <ClInclude Include="Global.h">
      <Filter>Header Files</Filter>
    </ClInclude>
    <ClInclude Include="BaseFlightProtocol.h">
      <Filter>Header Files</Filter>
    </ClInclude>
    <ClInclude Include="MotorView.h">
      <Filter>Header Files</Filter>
    </ClInclude>
    <ClInclude Include="ReceiverView.h">
      <Filter>Header Files</Filter>
    </ClInclude>
  </ItemGroup>
  <ItemGroup>
    <ClCompile Include="CubeMonitor.cpp">
      <Filter>Source Files</Filter>
    </ClCompile>
    <ClCompile Include="stdafx.cpp">
      <Filter>Source Files</Filter>
    </ClCompile>
    <ClCompile Include="MainFrm.cpp">
      <Filter>Source Files</Filter>
    </ClCompile>
    <ClCompile Include="CubeMonitorDoc.cpp">
      <Filter>Source Files</Filter>
    </ClCompile>
    <ClCompile Include="ClassView.cpp">
      <Filter>Pane</Filter>
    </ClCompile>
    <ClCompile Include="FileView.cpp">
      <Filter>Pane</Filter>
    </ClCompile>
    <ClCompile Include="OutputWnd.cpp">
      <Filter>Pane</Filter>
    </ClCompile>
    <ClCompile Include="PropertiesWnd.cpp">
      <Filter>Pane</Filter>
    </ClCompile>
    <ClCompile Include="ViewTree.cpp">
      <Filter>Pane</Filter>
    </ClCompile>
    <ClCompile Include="ConnectionDialog.cpp">
      <Filter>Dialog</Filter>
    </ClCompile>
    <ClCompile Include="SerialGraphForm.cpp">
      <Filter>Source Files</Filter>
    </ClCompile>
    <ClCompile Include="..\Common\UIComponent\PlotWindow.cpp">
      <Filter>UIComponent</Filter>
    </ClCompile>
    <ClCompile Include="..\Common\UIComponent\Serial.cpp">
      <Filter>UIComponent</Filter>
    </ClCompile>
    <ClCompile Include="..\Common\UIComponent\SerialCommunication.cpp">
      <Filter>UIComponent</Filter>
    </ClCompile>
    <ClCompile Include="..\Common\UIComponent\SerialObserver.cpp">
      <Filter>UIComponent</Filter>
    </ClCompile>
    <ClCompile Include="..\Common\UIComponent\ComPortCombo.cpp">
      <Filter>UIComponent</Filter>
    </ClCompile>
    <ClCompile Include="..\Common\UIComponent\Controller.cpp">
      <Filter>UIComponent</Filter>
    </ClCompile>
    <ClCompile Include="..\Common\UIComponent\CubeFlight.cpp">
      <Filter>UIComponent</Filter>
    </ClCompile>
    <ClCompile Include="..\Common\UIComponent\DockablePaneBase.cpp">
      <Filter>UIComponent</Filter>
    </ClCompile>
    <ClCompile Include="..\Common\UIComponent\DockablePaneChildView.cpp">
      <Filter>UIComponent</Filter>
    </ClCompile>
    <ClCompile Include="..\Common\UIComponent\EnumDevices.cpp">
      <Filter>UIComponent</Filter>
    </ClCompile>
    <ClCompile Include="CubeMonitorView.cpp">
      <Filter>Pane</Filter>
    </ClCompile>
    <ClCompile Include="..\Common\UIComponent\C3DView.cpp">
      <Filter>UIComponent</Filter>
    </ClCompile>
    <ClCompile Include="Cube3DPane.cpp">
      <Filter>Pane</Filter>
    </ClCompile>
    <ClCompile Include="SensorPane.cpp">
      <Filter>Pane</Filter>
    </ClCompile>
    <ClCompile Include="SensorView.cpp">
      <Filter>Pane</Filter>
    </ClCompile>
    <ClCompile Include="SerialEditorPane.cpp">
      <Filter>Pane</Filter>
    </ClCompile>
    <ClCompile Include="SerialEditorView.cpp">
      <Filter>Pane</Filter>
    </ClCompile>
    <ClCompile Include="CubeSerialView.cpp">
      <Filter>Source Files</Filter>
    </ClCompile>
    <ClCompile Include="..\Common\UIComponent\enumser.cpp">
      <Filter>UIComponent</Filter>
    </ClCompile>
    <ClCompile Include="Global.cpp">
      <Filter>Source Files</Filter>
    </ClCompile>
    <ClCompile Include="MotorView.cpp">
      <Filter>Source Files</Filter>
    </ClCompile>
    <ClCompile Include="ReceiverView.cpp">
      <Filter>Source Files</Filter>
    </ClCompile>
  </ItemGroup>
  <ItemGroup>
    <ResourceCompile Include="CubeMonitor.rc">
      <Filter>Resource Files</Filter>
    </ResourceCompile>
  </ItemGroup>
  <ItemGroup>
    <Image Include="res\file_view.ico">
      <Filter>Resource Files</Filter>
    </Image>
    <Image Include="res\file_view_hc.ico">
      <Filter>Resource Files</Filter>
    </Image>
    <Image Include="res\class_view.ico">
      <Filter>Resource Files</Filter>
    </Image>
    <Image Include="res\class_view_hc.ico">
      <Filter>Resource Files</Filter>
    </Image>
    <Image Include="res\fileview.bmp">
      <Filter>Resource Files</Filter>
    </Image>
    <Image Include="res\fileview_hc.bmp">
      <Filter>Resource Files</Filter>
    </Image>
    <Image Include="res\classview.bmp">
      <Filter>Resource Files</Filter>
    </Image>
    <Image Include="res\classview_hc.bmp">
      <Filter>Resource Files</Filter>
    </Image>
    <Image Include="res\explorer.bmp">
      <Filter>Resource Files</Filter>
    </Image>
    <Image Include="res\explorer_hc.bmp">
      <Filter>Resource Files</Filter>
    </Image>
    <Image Include="res\sort.bmp">
      <Filter>Resource Files</Filter>
    </Image>
    <Image Include="res\sort_hc.bmp">
      <Filter>Resource Files</Filter>
    </Image>
    <Image Include="res\menuimages.bmp">
      <Filter>Resource Files</Filter>
    </Image>
    <Image Include="res\menuimages_hc.bmp">
      <Filter>Resource Files</Filter>
    </Image>
    <Image Include="res\output_wnd.ico">
      <Filter>Resource Files</Filter>
    </Image>
    <Image Include="res\output_wnd_hc.ico">
      <Filter>Resource Files</Filter>
    </Image>
    <Image Include="res\properties_wnd.ico">
      <Filter>Resource Files</Filter>
    </Image>
    <Image Include="res\properties_wnd_hc.ico">
      <Filter>Resource Files</Filter>
    </Image>
    <Image Include="res\properties.bmp">
      <Filter>Resource Files</Filter>
    </Image>
    <Image Include="res\properties_hc.bmp">
      <Filter>Resource Files</Filter>
    </Image>
    <Image Include="UserImages.bmp">
      <Filter>Resource Files</Filter>
    </Image>
    <Image Include="res\CubeMonitorDoc.ico">
      <Filter>Resource Files</Filter>
    </Image>
    <Image Include="res\CubeMonitor.ico">
      <Filter>Resource Files</Filter>
    </Image>
    <Image Include="res\Toolbar.bmp">
      <Filter>Resource Files</Filter>
    </Image>
    <Image Include="res\Toolbar256.bmp">
      <Filter>Resource Files</Filter>
    </Image>
  </ItemGroup>
  <ItemGroup>
    <None Include="res\CubeMonitor.rc2">
      <Filter>Resource Files</Filter>
    </None>
  </ItemGroup>
</Project>